
Microsoft Visual Studio Solution File, Format Version 12.00
# Visual Studio Version 17
VisualStudioVersion = 17.4.33205.214
MinimumVisualStudioVersion = 10.0.40219.1
Project("{FAE04EC0-301F-11D3-BF4B-00C04F79EFBC}") = "AddressBookSystem", "AddressBookSystem.csproj", "{328D81D5-7CF3-4BDE-8A66-A953D4B67C9F}"
EndProject
Global
	GlobalSection(SolutionConfigurationPlatforms) = preSolution
		Debug|Any CPU = Debug|Any CPU
		Release|Any CPU = Release|Any CPU
	EndGlobalSection
	GlobalSection(ProjectConfigurationPlatforms) = postSolution
		{328D81D5-7CF3-4BDE-8A66-A953D4B67C9F}.Debug|Any CPU.ActiveCfg = Debug|Any CPU
		{328D81D5-7CF3-4BDE-8A66-A953D4B67C9F}.Debug|Any CPU.Build.0 = Debug|Any CPU
		{328D81D5-7CF3-4BDE-8A66-A953D4B67C9F}.Release|Any CPU.ActiveCfg = Release|Any CPU
		{328D81D5-7CF3-4BDE-8A66-A953D4B67C9F}.Release|Any CPU.Build.0 = Release|Any CPU
	EndGlobalSection
	GlobalSection(SolutionProperties) = preSolution
		HideSolutionNode = FALSE
	EndGlobalSection
	GlobalSection(ExtensibilityGlobals) = postSolution
		SolutionGuid = {DFBE9688-1F11-4931-AF51-41E6CADAFFAB}
	EndGlobalSection
EndGlobal
